// !$*UTF8*$!
{
	archiveVersion = 1;
	classes = {
	};
	objectVersion = 56;
	objects = {

/* Begin PBXBuildFile section */
		F321185A28DDBC7A00FC4933 /* Model.swift in Sources */ = {isa = PBXBuildFile; fileRef = F321185928DDBC7A00FC4933 /* Model.swift */; };
		F3279E1B28E1E2BF0028CD40 /* Extension+String.swift in Sources */ = {isa = PBXBuildFile; fileRef = F3279E1A28E1E2BF0028CD40 /* Extension+String.swift */; };
		F3814304291147D5005A1445 /* WeatherDailyCell.swift in Sources */ = {isa = PBXBuildFile; fileRef = F3814303291147D5005A1445 /* WeatherDailyCell.swift */; };
		F38811CC2905D32400DC5CC6 /* WeatherHourlyCell.swift in Sources */ = {isa = PBXBuildFile; fileRef = F38811CB2905D32400DC5CC6 /* WeatherHourlyCell.swift */; };
		F38811D02905D5A600DC5CC6 /* WeatherModel.swift in Sources */ = {isa = PBXBuildFile; fileRef = F38811CF2905D5A600DC5CC6 /* WeatherModel.swift */; };
		F38989FB2905CD8A00FFDF0B /* WeatherView.swift in Sources */ = {isa = PBXBuildFile; fileRef = F38989FA2905CD8A00FFDF0B /* WeatherView.swift */; };
		F38989FD2905CE0D00FFDF0B /* WeatherViewPresenter.swift in Sources */ = {isa = PBXBuildFile; fileRef = F38989FC2905CE0D00FFDF0B /* WeatherViewPresenter.swift */; };
		F3B365FA28DB84620098FAF9 /* AppDelegate.swift in Sources */ = {isa = PBXBuildFile; fileRef = F3B365F928DB84620098FAF9 /* AppDelegate.swift */; };
		F3B365FC28DB84620098FAF9 /* SceneDelegate.swift in Sources */ = {isa = PBXBuildFile; fileRef = F3B365FB28DB84620098FAF9 /* SceneDelegate.swift */; };
		F3B365FE28DB84620098FAF9 /* MainView.swift in Sources */ = {isa = PBXBuildFile; fileRef = F3B365FD28DB84620098FAF9 /* MainView.swift */; };
		F3B3660128DB84620098FAF9 /* Main.storyboard in Resources */ = {isa = PBXBuildFile; fileRef = F3B365FF28DB84620098FAF9 /* Main.storyboard */; };
		F3B3660328DB84640098FAF9 /* Assets.xcassets in Resources */ = {isa = PBXBuildFile; fileRef = F3B3660228DB84640098FAF9 /* Assets.xcassets */; };
		F3B3660628DB84640098FAF9 /* LaunchScreen.storyboard in Resources */ = {isa = PBXBuildFile; fileRef = F3B3660428DB84640098FAF9 /* LaunchScreen.storyboard */; };
		F3B3660E28DB87C70098FAF9 /* MainViewPresenter.swift in Sources */ = {isa = PBXBuildFile; fileRef = F3B3660D28DB87C70098FAF9 /* MainViewPresenter.swift */; };
/* End PBXBuildFile section */

/* Begin PBXFileReference section */
		F321185928DDBC7A00FC4933 /* Model.swift */ = {isa = PBXFileReference; lastKnownFileType = sourcecode.swift; path = Model.swift; sourceTree = "<group>"; };
		F3279E1A28E1E2BF0028CD40 /* Extension+String.swift */ = {isa = PBXFileReference; lastKnownFileType = sourcecode.swift; path = "Extension+String.swift"; sourceTree = "<group>"; };
		F3814303291147D5005A1445 /* WeatherDailyCell.swift */ = {isa = PBXFileReference; lastKnownFileType = sourcecode.swift; path = WeatherDailyCell.swift; sourceTree = "<group>"; };
		F38811CB2905D32400DC5CC6 /* WeatherHourlyCell.swift */ = {isa = PBXFileReference; lastKnownFileType = sourcecode.swift; path = WeatherHourlyCell.swift; sourceTree = "<group>"; };
		F38811CF2905D5A600DC5CC6 /* WeatherModel.swift */ = {isa = PBXFileReference; lastKnownFileType = sourcecode.swift; path = WeatherModel.swift; sourceTree = "<group>"; };
		F38989FA2905CD8A00FFDF0B /* WeatherView.swift */ = {isa = PBXFileReference; lastKnownFileType = sourcecode.swift; path = WeatherView.swift; sourceTree = "<group>"; };
		F38989FC2905CE0D00FFDF0B /* WeatherViewPresenter.swift */ = {isa = PBXFileReference; lastKnownFileType = sourcecode.swift; path = WeatherViewPresenter.swift; sourceTree = "<group>"; };
		F3B365F628DB84620098FAF9 /* WeatherApp.app */ = {isa = PBXFileReference; explicitFileType = wrapper.application; includeInIndex = 0; path = WeatherApp.app; sourceTree = BUILT_PRODUCTS_DIR; };
		F3B365F928DB84620098FAF9 /* AppDelegate.swift */ = {isa = PBXFileReference; lastKnownFileType = sourcecode.swift; path = AppDelegate.swift; sourceTree = "<group>"; };
		F3B365FB28DB84620098FAF9 /* SceneDelegate.swift */ = {isa = PBXFileReference; lastKnownFileType = sourcecode.swift; path = SceneDelegate.swift; sourceTree = "<group>"; };
		F3B365FD28DB84620098FAF9 /* MainView.swift */ = {isa = PBXFileReference; lastKnownFileType = sourcecode.swift; path = MainView.swift; sourceTree = "<group>"; };
		F3B3660028DB84620098FAF9 /* Base */ = {isa = PBXFileReference; lastKnownFileType = file.storyboard; name = Base; path = Base.lproj/Main.storyboard; sourceTree = "<group>"; };
		F3B3660228DB84640098FAF9 /* Assets.xcassets */ = {isa = PBXFileReference; lastKnownFileType = folder.assetcatalog; path = Assets.xcassets; sourceTree = "<group>"; };
		F3B3660528DB84640098FAF9 /* Base */ = {isa = PBXFileReference; lastKnownFileType = file.storyboard; name = Base; path = Base.lproj/LaunchScreen.storyboard; sourceTree = "<group>"; };
		F3B3660728DB84640098FAF9 /* Info.plist */ = {isa = PBXFileReference; lastKnownFileType = text.plist.xml; path = Info.plist; sourceTree = "<group>"; };
		F3B3660D28DB87C70098FAF9 /* MainViewPresenter.swift */ = {isa = PBXFileReference; lastKnownFileType = sourcecode.swift; path = MainViewPresenter.swift; sourceTree = "<group>"; };
/* End PBXFileReference section */

/* Begin PBXFrameworksBuildPhase section */
		F3B365F328DB84620098FAF9 /* Frameworks */ = {
			isa = PBXFrameworksBuildPhase;
			buildActionMask = 2147483647;
			files = (
			);
			runOnlyForDeploymentPostprocessing = 0;
		};
/* End PBXFrameworksBuildPhase section */

/* Begin PBXGroup section */
		F321185628DDBC4E00FC4933 /* View */ = {
			isa = PBXGroup;
			children = (
				F3B365FD28DB84620098FAF9 /* MainView.swift */,
				F38989FA2905CD8A00FFDF0B /* WeatherView.swift */,
				F38811CA2905D2E100DC5CC6 /* WeatherCell */,
			);
			path = View;
			sourceTree = "<group>";
		};
		F321185728DDBC5500FC4933 /* Presenter */ = {
			isa = PBXGroup;
			children = (
				F3B3660D28DB87C70098FAF9 /* MainViewPresenter.swift */,
				F38989FC2905CE0D00FFDF0B /* WeatherViewPresenter.swift */,
			);
			path = Presenter;
			sourceTree = "<group>";
		};
		F321185828DDBC5D00FC4933 /* Model */ = {
			isa = PBXGroup;
			children = (
				F321185928DDBC7A00FC4933 /* Model.swift */,
				F38811CF2905D5A600DC5CC6 /* WeatherModel.swift */,
			);
			path = Model;
			sourceTree = "<group>";
		};
		F38811CA2905D2E100DC5CC6 /* WeatherCell */ = {
			isa = PBXGroup;
			children = (
				F38811CB2905D32400DC5CC6 /* WeatherHourlyCell.swift */,
				F3814303291147D5005A1445 /* WeatherDailyCell.swift */,
			);
			path = WeatherCell;
			sourceTree = "<group>";
		};
		F3B365ED28DB84620098FAF9 = {
			isa = PBXGroup;
			children = (
				F3B365F828DB84620098FAF9 /* WeatherApp */,
				F3B365F728DB84620098FAF9 /* Products */,
			);
			sourceTree = "<group>";
		};
		F3B365F728DB84620098FAF9 /* Products */ = {
			isa = PBXGroup;
			children = (
				F3B365F628DB84620098FAF9 /* WeatherApp.app */,
			);
			name = Products;
			sourceTree = "<group>";
		};
		F3B365F828DB84620098FAF9 /* WeatherApp */ = {
			isa = PBXGroup;
			children = (
				F3279E1A28E1E2BF0028CD40 /* Extension+String.swift */,
				F321185828DDBC5D00FC4933 /* Model */,
				F321185728DDBC5500FC4933 /* Presenter */,
				F321185628DDBC4E00FC4933 /* View */,
				F3B365F928DB84620098FAF9 /* AppDelegate.swift */,
				F3B365FB28DB84620098FAF9 /* SceneDelegate.swift */,
				F3B365FF28DB84620098FAF9 /* Main.storyboard */,
				F3B3660228DB84640098FAF9 /* Assets.xcassets */,
				F3B3660428DB84640098FAF9 /* LaunchScreen.storyboard */,
				F3B3660728DB84640098FAF9 /* Info.plist */,
			);
			path = WeatherApp;
			sourceTree = "<group>";
		};
/* End PBXGroup section */

/* Begin PBXNativeTarget section */
		F3B365F528DB84620098FAF9 /* WeatherApp */ = {
			isa = PBXNativeTarget;
			buildConfigurationList = F3B3660A28DB84640098FAF9 /* Build configuration list for PBXNativeTarget "WeatherApp" */;
			buildPhases = (
				F3B365F228DB84620098FAF9 /* Sources */,
				F3B365F328DB84620098FAF9 /* Frameworks */,
				F3B365F428DB84620098FAF9 /* Resources */,
			);
			buildRules = (
			);
			dependencies = (
			);
			name = WeatherApp;
			productName = WeatherApp;
			productReference = F3B365F628DB84620098FAF9 /* WeatherApp.app */;
			productType = "com.apple.product-type.application";
		};
/* End PBXNativeTarget section */

/* Begin PBXProject section */
		F3B365EE28DB84620098FAF9 /* Project object */ = {
			isa = PBXProject;
			attributes = {
				BuildIndependentTargetsInParallel = 1;
				LastSwiftUpdateCheck = 1400;
				LastUpgradeCheck = 1400;
				TargetAttributes = {
					F3B365F528DB84620098FAF9 = {
						CreatedOnToolsVersion = 14.0;
					};
				};
			};
			buildConfigurationList = F3B365F128DB84620098FAF9 /* Build configuration list for PBXProject "WeatherApp" */;
			compatibilityVersion = "Xcode 14.0";
			developmentRegion = en;
			hasScannedForEncodings = 0;
			knownRegions = (
				en,
				Base,
			);
			mainGroup = F3B365ED28DB84620098FAF9;
			productRefGroup = F3B365F728DB84620098FAF9 /* Products */;
			projectDirPath = "";
			projectRoot = "";
			targets = (
				F3B365F528DB84620098FAF9 /* WeatherApp */,
			);
		};
/* End PBXProject section */

/* Begin PBXResourcesBuildPhase section */
		F3B365F428DB84620098FAF9 /* Resources */ = {
			isa = PBXResourcesBuildPhase;
			buildActionMask = 2147483647;
			files = (
				F3B3660628DB84640098FAF9 /* LaunchScreen.storyboard in Resources */,
				F3B3660328DB84640098FAF9 /* Assets.xcassets in Resources */,
				F3B3660128DB84620098FAF9 /* Main.storyboard in Resources */,
			);
			runOnlyForDeploymentPostprocessing = 0;
		};
/* End PBXResourcesBuildPhase section */

/* Begin PBXSourcesBuildPhase section */
		F3B365F228DB84620098FAF9 /* Sources */ = {
			isa = PBXSourcesBuildPhase;
			buildActionMask = 2147483647;
			files = (
				F38989FD2905CE0D00FFDF0B /* WeatherViewPresenter.swift in Sources */,
				F321185A28DDBC7A00FC4933 /* Model.swift in Sources */,
				F38811CC2905D32400DC5CC6 /* WeatherHourlyCell.swift in Sources */,
				F3B365FE28DB84620098FAF9 /* MainView.swift in Sources */,
				F38811D02905D5A600DC5CC6 /* WeatherModel.swift in Sources */,
				F3279E1B28E1E2BF0028CD40 /* Extension+String.swift in Sources */,
				F3B365FA28DB84620098FAF9 /* AppDelegate.swift in Sources */,
				F3B3660E28DB87C70098FAF9 /* MainViewPresenter.swift in Sources */,
				F3814304291147D5005A1445 /* WeatherDailyCell.swift in Sources */,
				F38989FB2905CD8A00FFDF0B /* WeatherView.swift in Sources */,
				F3B365FC28DB84620098FAF9 /* SceneDelegate.swift in Sources */,
			);
			runOnlyForDeploymentPostprocessing = 0;
		};
/* End PBXSourcesBuildPhase section */

/* Begin PBXVariantGroup section */
		F3B365FF28DB84620098FAF9 /* Main.storyboard */ = {
			isa = PBXVariantGroup;
			children = (
				F3B3660028DB84620098FAF9 /* Base */,
			);
			name = Main.storyboard;
			sourceTree = "<group>";
		};
		F3B3660428DB84640098FAF9 /* LaunchScreen.storyboard */ = {
			isa = PBXVariantGroup;
			children = (
				F3B3660528DB84640098FAF9 /* Base */,
			);
			name = LaunchScreen.storyboard;
			sourceTree = "<group>";
		};
/* End PBXVariantGroup section */

/* Begin XCBuildConfiguration section */
		F3B3660828DB84640098FAF9 /* Debug */ = {
			isa = XCBuildConfiguration;
			buildSettings = {
				ALWAYS_SEARCH_USER_PATHS = NO;
				CLANG_ANALYZER_NONNULL = YES;
				CLANG_ANALYZER_NUMBER_OBJECT_CONVERSION = YES_AGGRESSIVE;
				CLANG_CXX_LANGUAGE_STANDARD = "gnu++20";
				CLANG_ENABLE_MODULES = YES;
				CLANG_ENABLE_OBJC_ARC = YES;
				CLANG_ENABLE_OBJC_WEAK = YES;
				CLANG_WARN_BLOCK_CAPTURE_AUTORELEASING = YES;
				CLANG_WARN_BOOL_CONVERSION = YES;
				CLANG_WARN_COMMA = YES;
				CLANG_WARN_CONSTANT_CONVERSION = YES;
				CLANG_WARN_DEPRECATED_OBJC_IMPLEMENTATIONS = YES;
				CLANG_WARN_DIRECT_OBJC_ISA_USAGE = YES_ERROR;
				CLANG_WARN_DOCUMENTATION_COMMENTS = YES;
				CLANG_WARN_EMPTY_BODY = YES;
				CLANG_WARN_ENUM_CONVERSION = YES;
				CLANG_WARN_INFINITE_RECURSION = YES;
				CLANG_WARN_INT_CONVERSION = YES;
				CLANG_WARN_NON_LITERAL_NULL_CONVERSION = YES;
				CLANG_WARN_OBJC_IMPLICIT_RETAIN_SELF = YES;
				CLANG_WARN_OBJC_LITERAL_CONVERSION = YES;
				CLANG_WARN_OBJC_ROOT_CLASS = YES_ERROR;
				CLANG_WARN_QUOTED_INCLUDE_IN_FRAMEWORK_HEADER = YES;
				CLANG_WARN_RANGE_LOOP_ANALYSIS = YES;
				CLANG_WARN_STRICT_PROTOTYPES = YES;
				CLANG_WARN_SUSPICIOUS_MOVE = YES;
				CLANG_WARN_UNGUARDED_AVAILABILITY = YES_AGGRESSIVE;
				CLANG_WARN_UNREACHABLE_CODE = YES;
				CLANG_WARN__DUPLICATE_METHOD_MATCH = YES;
				COPY_PHASE_STRIP = NO;
				DEBUG_INFORMATION_FORMAT = dwarf;
				ENABLE_STRICT_OBJC_MSGSEND = YES;
				ENABLE_TESTABILITY = YES;
				GCC_C_LANGUAGE_STANDARD = gnu11;
				GCC_DYNAMIC_NO_PIC = NO;
				GCC_NO_COMMON_BLOCKS = YES;
				GCC_OPTIMIZATION_LEVEL = 0;
				GCC_PREPROCESSOR_DEFINITIONS = (
					"DEBUG=1",
					"$(inherited)",
				);
				GCC_WARN_64_TO_32_BIT_CONVERSION = YES;
				GCC_WARN_ABOUT_RETURN_TYPE = YES_ERROR;
				GCC_WARN_UNDECLARED_SELECTOR = YES;
				GCC_WARN_UNINITIALIZED_AUTOS = YES_AGGRESSIVE;
				GCC_WARN_UNUSED_FUNCTION = YES;
				GCC_WARN_UNUSED_VARIABLE = YES;
				IPHONEOS_DEPLOYMENT_TARGET = 16.0;
				MTL_ENABLE_DEBUG_INFO = INCLUDE_SOURCE;
				MTL_FAST_MATH = YES;
				ONLY_ACTIVE_ARCH = YES;
				SDKROOT = iphoneos;
				SWIFT_ACTIVE_COMPILATION_CONDITIONS = DEBUG;
				SWIFT_OPTIMIZATION_LEVEL = "-Onone";
			};
			name = Debug;
		};
		F3B3660928DB84640098FAF9 /* Release */ = {
			isa = XCBuildConfiguration;
			buildSettings = {
				ALWAYS_SEARCH_USER_PATHS = NO;
				CLANG_ANALYZER_NONNULL = YES;
				CLANG_ANALYZER_NUMBER_OBJECT_CONVERSION = YES_AGGRESSIVE;
				CLANG_CXX_LANGUAGE_STANDARD = "gnu++20";
				CLANG_ENABLE_MODULES = YES;
				CLANG_ENABLE_OBJC_ARC = YES;
				CLANG_ENABLE_OBJC_WEAK = YES;
				CLANG_WARN_BLOCK_CAPTURE_AUTORELEASING = YES;
				CLANG_WARN_BOOL_CONVERSION = YES;
				CLANG_WARN_COMMA = YES;
				CLANG_WARN_CONSTANT_CONVERSION = YES;
				CLANG_WARN_DEPRECATED_OBJC_IMPLEMENTATIONS = YES;
				CLANG_WARN_DIRECT_OBJC_ISA_USAGE = YES_ERROR;
				CLANG_WARN_DOCUMENTATION_COMMENTS = YES;
				CLANG_WARN_EMPTY_BODY = YES;
				CLANG_WARN_ENUM_CONVERSION = YES;
				CLANG_WARN_INFINITE_RECURSION = YES;
				CLANG_WARN_INT_CONVERSION = YES;
				CLANG_WARN_NON_LITERAL_NULL_CONVERSION = YES;
				CLANG_WARN_OBJC_IMPLICIT_RETAIN_SELF = YES;
				CLANG_WARN_OBJC_LITERAL_CONVERSION = YES;
				CLANG_WARN_OBJC_ROOT_CLASS = YES_ERROR;
				CLANG_WARN_QUOTED_INCLUDE_IN_FRAMEWORK_HEADER = YES;
				CLANG_WARN_RANGE_LOOP_ANALYSIS = YES;
				CLANG_WARN_STRICT_PROTOTYPES = YES;
				CLANG_WARN_SUSPICIOUS_MOVE = YES;
				CLANG_WARN_UNGUARDED_AVAILABILITY = YES_AGGRESSIVE;
				CLANG_WARN_UNREACHABLE_CODE = YES;
				CLANG_WARN__DUPLICATE_METHOD_MATCH = YES;
				COPY_PHASE_STRIP = NO;
				DEBUG_INFORMATION_FORMAT = "dwarf-with-dsym";
				ENABLE_NS_ASSERTIONS = NO;
				ENABLE_STRICT_OBJC_MSGSEND = YES;
				GCC_C_LANGUAGE_STANDARD = gnu11;
				GCC_NO_COMMON_BLOCKS = YES;
				GCC_WARN_64_TO_32_BIT_CONVERSION = YES;
				GCC_WARN_ABOUT_RETURN_TYPE = YES_ERROR;
				GCC_WARN_UNDECLARED_SELECTOR = YES;
				GCC_WARN_UNINITIALIZED_AUTOS = YES_AGGRESSIVE;
				GCC_WARN_UNUSED_FUNCTION = YES;
				GCC_WARN_UNUSED_VARIABLE = YES;
				IPHONEOS_DEPLOYMENT_TARGET = 16.0;
				MTL_ENABLE_DEBUG_INFO = NO;
				MTL_FAST_MATH = YES;
				SDKROOT = iphoneos;
				SWIFT_COMPILATION_MODE = wholemodule;
				SWIFT_OPTIMIZATION_LEVEL = "-O";
				VALIDATE_PRODUCT = YES;
			};
			name = Release;
		};
		F3B3660B28DB84640098FAF9 /* Debug */ = {
			isa = XCBuildConfiguration;
			buildSettings = {
				ASSETCATALOG_COMPILER_APPICON_NAME = AppIcon;
				ASSETCATALOG_COMPILER_GLOBAL_ACCENT_COLOR_NAME = AccentColor;
				CODE_SIGN_STYLE = Automatic;
				CURRENT_PROJECT_VERSION = 1;
				DEVELOPMENT_TEAM = 7PS9R8UBLM;
				GENERATE_INFOPLIST_FILE = YES;
				INFOPLIST_FILE = WeatherApp/Info.plist;
				INFOPLIST_KEY_UIApplicationSupportsIndirectInputEvents = YES;
				INFOPLIST_KEY_UILaunchStoryboardName = LaunchScreen;
				INFOPLIST_KEY_UIMainStoryboardFile = Main;
				INFOPLIST_KEY_UISupportedInterfaceOrientations_iPad = "UIInterfaceOrientationPortrait UIInterfaceOrientationPortraitUpsideDown UIInterfaceOrientationLandscapeLeft UIInterfaceOrientationLandscapeRight";
				INFOPLIST_KEY_UISupportedInterfaceOrientations_iPhone = "UIInterfaceOrientationPortrait UIInterfaceOrientationLandscapeLeft UIInterfaceOrientationLandscapeRight";
				LD_RUNPATH_SEARCH_PATHS = (
					"$(inherited)",
					"@executable_path/Frameworks",
				);
				MARKETING_VERSION = 1.0;
				PRODUCT_BUNDLE_IDENTIFIER = com.EducationProjects.WeatherApp;
				PRODUCT_NAME = "$(TARGET_NAME)";
				SWIFT_EMIT_LOC_STRINGS = YES;
				SWIFT_VERSION = 5.0;
				TARGETED_DEVICE_FAMILY = "1,2";
			};
			name = Debug;
		};
		F3B3660C28DB84640098FAF9 /* Release */ = {
			isa = XCBuildConfiguration;
			buildSettings = {
				ASSETCATALOG_COMPILER_APPICON_NAME = AppIcon;
				ASSETCATALOG_COMPILER_GLOBAL_ACCENT_COLOR_NAME = AccentColor;
				CODE_SIGN_STYLE = Automatic;
				CURRENT_PROJECT_VERSION = 1;
				DEVELOPMENT_TEAM = 7PS9R8UBLM;
				GENERATE_INFOPLIST_FILE = YES;
				INFOPLIST_FILE = WeatherApp/Info.plist;
				INFOPLIST_KEY_UIApplicationSupportsIndirectInputEvents = YES;
				INFOPLIST_KEY_UILaunchStoryboardName = LaunchScreen;
				INFOPLIST_KEY_UIMainStoryboardFile = Main;
				INFOPLIST_KEY_UISupportedInterfaceOrientations_iPad = "UIInterfaceOrientationPortrait UIInterfaceOrientationPortraitUpsideDown UIInterfaceOrientationLandscapeLeft UIInterfaceOrientationLandscapeRight";
				INFOPLIST_KEY_UISupportedInterfaceOrientations_iPhone = "UIInterfaceOrientationPortrait UIInterfaceOrientationLandscapeLeft UIInterfaceOrientationLandscapeRight";
				LD_RUNPATH_SEARCH_PATHS = (
					"$(inherited)",
					"@executable_path/Frameworks",
				);
				MARKETING_VERSION = 1.0;
				PRODUCT_BUNDLE_IDENTIFIER = com.EducationProjects.WeatherApp;
				PRODUCT_NAME = "$(TARGET_NAME)";
				SWIFT_EMIT_LOC_STRINGS = YES;
				SWIFT_VERSION = 5.0;
				TARGETED_DEVICE_FAMILY = "1,2";
			};
			name = Release;
		};
/* End XCBuildConfiguration section */

/* Begin XCConfigurationList section */
		F3B365F128DB84620098FAF9 /* Build configuration list for PBXProject "WeatherApp" */ = {
			isa = XCConfigurationList;
			buildConfigurations = (
				F3B3660828DB84640098FAF9 /* Debug */,
				F3B3660928DB84640098FAF9 /* Release */,
			);
			defaultConfigurationIsVisible = 0;
			defaultConfigurationName = Release;
		};
		F3B3660A28DB84640098FAF9 /* Build configuration list for PBXNativeTarget "WeatherApp" */ = {
			isa = XCConfigurationList;
			buildConfigurations = (
				F3B3660B28DB84640098FAF9 /* Debug */,
				F3B3660C28DB84640098FAF9 /* Release */,
			);
			defaultConfigurationIsVisible = 0;
			defaultConfigurationName = Release;
		};
/* End XCConfigurationList section */
	};
	rootObject = F3B365EE28DB84620098FAF9 /* Project object */;
}
